// !$*UTF8*$!
{
	archiveVersion = 1;
	classes = {
	};
	objectVersion = 48;
	objects = {

/* Begin PBXBuildFile section */
		93102CCF1FDB896B0073B2D1 /* AppDelegate.swift in Sources */ = {isa = PBXBuildFile; fileRef = 93102CCE1FDB896B0073B2D1 /* AppDelegate.swift */; };
		93102CD11FDB896B0073B2D1 /* ViewController.swift in Sources */ = {isa = PBXBuildFile; fileRef = 93102CD01FDB896B0073B2D1 /* ViewController.swift */; };
		93102CD41FDB896B0073B2D1 /* Main.storyboard in Resources */ = {isa = PBXBuildFile; fileRef = 93102CD21FDB896B0073B2D1 /* Main.storyboard */; };
		93102CD61FDB896B0073B2D1 /* Assets.xcassets in Resources */ = {isa = PBXBuildFile; fileRef = 93102CD51FDB896B0073B2D1 /* Assets.xcassets */; };
		93102CD91FDB896B0073B2D1 /* LaunchScreen.storyboard in Resources */ = {isa = PBXBuildFile; fileRef = 93102CD71FDB896B0073B2D1 /* LaunchScreen.storyboard */; };
		93102CE41FDB896B0073B2D1 /* amaroTests.swift in Sources */ = {isa = PBXBuildFile; fileRef = 93102CE31FDB896B0073B2D1 /* amaroTests.swift */; };
		93102CF31FDB8FFC0073B2D1 /* products.json in Resources */ = {isa = PBXBuildFile; fileRef = 93102CF21FDB8FFC0073B2D1 /* products.json */; };
		93102CF41FDB8FFC0073B2D1 /* products.json in Resources */ = {isa = PBXBuildFile; fileRef = 93102CF21FDB8FFC0073B2D1 /* products.json */; };
		93102CF71FDB92380073B2D1 /* ProductsStore.swift in Sources */ = {isa = PBXBuildFile; fileRef = 93102CF61FDB92380073B2D1 /* ProductsStore.swift */; };
		93102CF81FDB92380073B2D1 /* ProductsStore.swift in Sources */ = {isa = PBXBuildFile; fileRef = 93102CF61FDB92380073B2D1 /* ProductsStore.swift */; };
		93102CFB1FDB93730073B2D1 /* ProductsError.swift in Sources */ = {isa = PBXBuildFile; fileRef = 93102CFA1FDB93730073B2D1 /* ProductsError.swift */; };
		93102CFC1FDB93730073B2D1 /* ProductsError.swift in Sources */ = {isa = PBXBuildFile; fileRef = 93102CFA1FDB93730073B2D1 /* ProductsError.swift */; };
/* End PBXBuildFile section */

/* Begin PBXContainerItemProxy section */
		93102CE01FDB896B0073B2D1 /* PBXContainerItemProxy */ = {
			isa = PBXContainerItemProxy;
			containerPortal = 93102CC31FDB896A0073B2D1 /* Project object */;
			proxyType = 1;
			remoteGlobalIDString = 93102CCA1FDB896A0073B2D1;
			remoteInfo = amaro;
		};
/* End PBXContainerItemProxy section */

/* Begin PBXFileReference section */
		93102CCE1FDB896B0073B2D1 /* AppDelegate.swift */ = {isa = PBXFileReference; lastKnownFileType = sourcecode.swift; path = AppDelegate.swift; sourceTree = "<group>"; };
		93102CD01FDB896B0073B2D1 /* ViewController.swift */ = {isa = PBXFileReference; lastKnownFileType = sourcecode.swift; path = ViewController.swift; sourceTree = "<group>"; };
		93102CD31FDB896B0073B2D1 /* Base */ = {isa = PBXFileReference; lastKnownFileType = file.storyboard; name = Base; path = Base.lproj/Main.storyboard; sourceTree = "<group>"; };
		93102CD51FDB896B0073B2D1 /* Assets.xcassets */ = {isa = PBXFileReference; lastKnownFileType = folder.assetcatalog; path = Assets.xcassets; sourceTree = "<group>"; };
		93102CD81FDB896B0073B2D1 /* Base */ = {isa = PBXFileReference; lastKnownFileType = file.storyboard; name = Base; path = Base.lproj/LaunchScreen.storyboard; sourceTree = "<group>"; };
		93102CDA1FDB896B0073B2D1 /* Info.plist */ = {isa = PBXFileReference; lastKnownFileType = text.plist.xml; path = Info.plist; sourceTree = "<group>"; };
		93102CE31FDB896B0073B2D1 /* amaroTests.swift */ = {isa = PBXFileReference; lastKnownFileType = sourcecode.swift; path = amaroTests.swift; sourceTree = "<group>"; };
		93102CE51FDB896B0073B2D1 /* Info.plist */ = {isa = PBXFileReference; lastKnownFileType = text.plist.xml; path = Info.plist; sourceTree = "<group>"; };
		93102CF01FDB8F560073B2D1 /* amaro.app */ = {isa = PBXFileReference; explicitFileType = wrapper.application; includeInIndex = 0; path = amaro.app; sourceTree = BUILT_PRODUCTS_DIR; };
		93102CF11FDB8F560073B2D1 /* amaroTests.xctest */ = {isa = PBXFileReference; explicitFileType = wrapper.cfbundle; includeInIndex = 0; path = amaroTests.xctest; sourceTree = BUILT_PRODUCTS_DIR; };
		93102CF21FDB8FFC0073B2D1 /* products.json */ = {isa = PBXFileReference; fileEncoding = 4; lastKnownFileType = text.json; path = products.json; sourceTree = "<group>"; };
		93102CF61FDB92380073B2D1 /* ProductsStore.swift */ = {isa = PBXFileReference; lastKnownFileType = sourcecode.swift; path = ProductsStore.swift; sourceTree = "<group>"; };
		93102CFA1FDB93730073B2D1 /* ProductsError.swift */ = {isa = PBXFileReference; lastKnownFileType = sourcecode.swift; path = ProductsError.swift; sourceTree = "<group>"; };
/* End PBXFileReference section */

/* Begin PBXFrameworksBuildPhase section */
		93102CC81FDB896A0073B2D1 /* Frameworks */ = {
			isa = PBXFrameworksBuildPhase;
			buildActionMask = 2147483647;
			files = (
			);
			runOnlyForDeploymentPostprocessing = 0;
		};
		93102CDC1FDB896B0073B2D1 /* Frameworks */ = {
			isa = PBXFrameworksBuildPhase;
			buildActionMask = 2147483647;
			files = (
			);
			runOnlyForDeploymentPostprocessing = 0;
		};
/* End PBXFrameworksBuildPhase section */

/* Begin PBXGroup section */
		93102CC21FDB896A0073B2D1 = {
			isa = PBXGroup;
			children = (
				93102CCD1FDB896B0073B2D1 /* amaro */,
				93102CE21FDB896B0073B2D1 /* amaroTests */,
				93102CF01FDB8F560073B2D1 /* amaro.app */,
				93102CF11FDB8F560073B2D1 /* amaroTests.xctest */,
			);
			sourceTree = "<group>";
		};
		93102CCD1FDB896B0073B2D1 /* amaro */ = {
			isa = PBXGroup;
			children = (
				93102CFE1FDB95440073B2D1 /* Views */,
				93102CFD1FDB952E0073B2D1 /* Controllers */,
				93102CF91FDB93550073B2D1 /* Helpers */,
				93102CF51FDB917E0073B2D1 /* Stores */,
				93102CEF1FDB8E6F0073B2D1 /* Resources */,
				93102CCE1FDB896B0073B2D1 /* AppDelegate.swift */,
				93102CD51FDB896B0073B2D1 /* Assets.xcassets */,
				93102CDA1FDB896B0073B2D1 /* Info.plist */,
			);
			path = amaro;
			sourceTree = "<group>";
		};
		93102CE21FDB896B0073B2D1 /* amaroTests */ = {
			isa = PBXGroup;
			children = (
				93102CE31FDB896B0073B2D1 /* amaroTests.swift */,
				93102CE51FDB896B0073B2D1 /* Info.plist */,
			);
			path = amaroTests;
			sourceTree = "<group>";
		};
		93102CEF1FDB8E6F0073B2D1 /* Resources */ = {
			isa = PBXGroup;
			children = (
				93102CF21FDB8FFC0073B2D1 /* products.json */,
			);
			name = Resources;
			sourceTree = "<group>";
		};
		93102CF51FDB917E0073B2D1 /* Stores */ = {
			isa = PBXGroup;
			children = (
				93102CF61FDB92380073B2D1 /* ProductsStore.swift */,
			);
			path = Stores;
			sourceTree = "<group>";
		};
		93102CF91FDB93550073B2D1 /* Helpers */ = {
			isa = PBXGroup;
			children = (
				93102CFA1FDB93730073B2D1 /* ProductsError.swift */,
			);
			name = Helpers;
			sourceTree = "<group>";
		};
		93102CFD1FDB952E0073B2D1 /* Controllers */ = {
			isa = PBXGroup;
			children = (
				93102CD01FDB896B0073B2D1 /* ViewController.swift */,
			);
			path = Controllers;
			sourceTree = "<group>";
		};
		93102CFE1FDB95440073B2D1 /* Views */ = {
			isa = PBXGroup;
			children = (
				93102CD71FDB896B0073B2D1 /* LaunchScreen.storyboard */,
				93102CD21FDB896B0073B2D1 /* Main.storyboard */,
			);
			name = Views;
			sourceTree = "<group>";
		};
/* End PBXGroup section */

/* Begin PBXNativeTarget section */
		93102CCA1FDB896A0073B2D1 /* amaro */ = {
			isa = PBXNativeTarget;
			buildConfigurationList = 93102CE81FDB896B0073B2D1 /* Build configuration list for PBXNativeTarget "amaro" */;
			buildPhases = (
				93102CC71FDB896A0073B2D1 /* Sources */,
				93102CC81FDB896A0073B2D1 /* Frameworks */,
				93102CC91FDB896A0073B2D1 /* Resources */,
			);
			buildRules = (
			);
			dependencies = (
			);
			name = amaro;
			productName = amaro;
			productReference = 93102CF01FDB8F560073B2D1 /* amaro.app */;
			productType = "com.apple.product-type.application";
		};
		93102CDE1FDB896B0073B2D1 /* amaroTests */ = {
			isa = PBXNativeTarget;
			buildConfigurationList = 93102CEB1FDB896B0073B2D1 /* Build configuration list for PBXNativeTarget "amaroTests" */;
			buildPhases = (
				93102CDB1FDB896B0073B2D1 /* Sources */,
				93102CDC1FDB896B0073B2D1 /* Frameworks */,
				93102CDD1FDB896B0073B2D1 /* Resources */,
			);
			buildRules = (
			);
			dependencies = (
				93102CE11FDB896B0073B2D1 /* PBXTargetDependency */,
			);
			name = amaroTests;
			productName = amaroTests;
			productReference = 93102CF11FDB8F560073B2D1 /* amaroTests.xctest */;
			productType = "com.apple.product-type.bundle.unit-test";
		};
/* End PBXNativeTarget section */

/* Begin PBXProject section */
		93102CC31FDB896A0073B2D1 /* Project object */ = {
			isa = PBXProject;
			attributes = {
				LastSwiftUpdateCheck = 0910;
				LastUpgradeCheck = 0910;
				ORGANIZATIONNAME = "Eduardo Domene Junior";
				TargetAttributes = {
					93102CCA1FDB896A0073B2D1 = {
						CreatedOnToolsVersion = 9.1;
						ProvisioningStyle = Automatic;
					};
					93102CDE1FDB896B0073B2D1 = {
						CreatedOnToolsVersion = 9.1;
						ProvisioningStyle = Automatic;
						TestTargetID = 93102CCA1FDB896A0073B2D1;
					};
				};
			};
			buildConfigurationList = 93102CC61FDB896A0073B2D1 /* Build configuration list for PBXProject "amaro" */;
			compatibilityVersion = "Xcode 8.0";
			developmentRegion = en;
			hasScannedForEncodings = 0;
			knownRegions = (
				en,
				Base,
			);
			mainGroup = 93102CC21FDB896A0073B2D1;
			productRefGroup = 93102CC21FDB896A0073B2D1;
			projectDirPath = "";
			projectRoot = "";
			targets = (
				93102CCA1FDB896A0073B2D1 /* amaro */,
				93102CDE1FDB896B0073B2D1 /* amaroTests */,
			);
		};
/* End PBXProject section */

/* Begin PBXResourcesBuildPhase section */
		93102CC91FDB896A0073B2D1 /* Resources */ = {
			isa = PBXResourcesBuildPhase;
			buildActionMask = 2147483647;
			files = (
				93102CD91FDB896B0073B2D1 /* LaunchScreen.storyboard in Resources */,
				93102CF31FDB8FFC0073B2D1 /* products.json in Resources */,
				93102CD61FDB896B0073B2D1 /* Assets.xcassets in Resources */,
				93102CD41FDB896B0073B2D1 /* Main.storyboard in Resources */,
			);
			runOnlyForDeploymentPostprocessing = 0;
		};
		93102CDD1FDB896B0073B2D1 /* Resources */ = {
			isa = PBXResourcesBuildPhase;
			buildActionMask = 2147483647;
			files = (
				93102CF41FDB8FFC0073B2D1 /* products.json in Resources */,
			);
			runOnlyForDeploymentPostprocessing = 0;
		};
/* End PBXResourcesBuildPhase section */

/* Begin PBXSourcesBuildPhase section */
		93102CC71FDB896A0073B2D1 /* Sources */ = {
			isa = PBXSourcesBuildPhase;
			buildActionMask = 2147483647;
			files = (
				93102CFB1FDB93730073B2D1 /* ProductsError.swift in Sources */,
				93102CD11FDB896B0073B2D1 /* ViewController.swift in Sources */,
				93102CCF1FDB896B0073B2D1 /* AppDelegate.swift in Sources */,
				93102CF71FDB92380073B2D1 /* ProductsStore.swift in Sources */,
			);
			runOnlyForDeploymentPostprocessing = 0;
		};
		93102CDB1FDB896B0073B2D1 /* Sources */ = {
			isa = PBXSourcesBuildPhase;
			buildActionMask = 2147483647;
			files = (
				93102CFC1FDB93730073B2D1 /* ProductsError.swift in Sources */,
				93102CE41FDB896B0073B2D1 /* amaroTests.swift in Sources */,
				93102CF81FDB92380073B2D1 /* ProductsStore.swift in Sources */,
			);
			runOnlyForDeploymentPostprocessing = 0;
		};
/* End PBXSourcesBuildPhase section */

/* Begin PBXTargetDependency section */
		93102CE11FDB896B0073B2D1 /* PBXTargetDependency */ = {
			isa = PBXTargetDependency;
			target = 93102CCA1FDB896A0073B2D1 /* amaro */;
			targetProxy = 93102CE01FDB896B0073B2D1 /* PBXContainerItemProxy */;
		};
/* End PBXTargetDependency section */

/* Begin PBXVariantGroup section */
		93102CD21FDB896B0073B2D1 /* Main.storyboard */ = {
			isa = PBXVariantGroup;
			children = (
				93102CD31FDB896B0073B2D1 /* Base */,
			);
			name = Main.storyboard;
			sourceTree = "<group>";
		};
		93102CD71FDB896B0073B2D1 /* LaunchScreen.storyboard */ = {
			isa = PBXVariantGroup;
			children = (
				93102CD81FDB896B0073B2D1 /* Base */,
			);
			name = LaunchScreen.storyboard;
			sourceTree = "<group>";
		};
/* End PBXVariantGroup section */

/* Begin XCBuildConfiguration section */
		93102CE61FDB896B0073B2D1 /* Debug */ = {
			isa = XCBuildConfiguration;
			buildSettings = {
				ALWAYS_SEARCH_USER_PATHS = NO;
				CLANG_ANALYZER_NONNULL = YES;
				CLANG_ANALYZER_NUMBER_OBJECT_CONVERSION = YES_AGGRESSIVE;
				CLANG_CXX_LANGUAGE_STANDARD = "gnu++14";
				CLANG_CXX_LIBRARY = "libc++";
				CLANG_ENABLE_MODULES = YES;
				CLANG_ENABLE_OBJC_ARC = YES;
				CLANG_WARN_BLOCK_CAPTURE_AUTORELEASING = YES;
				CLANG_WARN_BOOL_CONVERSION = YES;
				CLANG_WARN_COMMA = YES;
				CLANG_WARN_CONSTANT_CONVERSION = YES;
				CLANG_WARN_DIRECT_OBJC_ISA_USAGE = YES_ERROR;
				CLANG_WARN_DOCUMENTATION_COMMENTS = YES;
				CLANG_WARN_EMPTY_BODY = YES;
				CLANG_WARN_ENUM_CONVERSION = YES;
				CLANG_WARN_INFINITE_RECURSION = YES;
				CLANG_WARN_INT_CONVERSION = YES;
				CLANG_WARN_NON_LITERAL_NULL_CONVERSION = YES;
				CLANG_WARN_OBJC_LITERAL_CONVERSION = YES;
				CLANG_WARN_OBJC_ROOT_CLASS = YES_ERROR;
				CLANG_WARN_RANGE_LOOP_ANALYSIS = YES;
				CLANG_WARN_STRICT_PROTOTYPES = YES;
				CLANG_WARN_SUSPICIOUS_MOVE = YES;
				CLANG_WARN_UNGUARDED_AVAILABILITY = YES_AGGRESSIVE;
				CLANG_WARN_UNREACHABLE_CODE = YES;
				CLANG_WARN__DUPLICATE_METHOD_MATCH = YES;
				CODE_SIGN_IDENTITY = "iPhone Developer";
				COPY_PHASE_STRIP = NO;
				DEBUG_INFORMATION_FORMAT = dwarf;
				ENABLE_STRICT_OBJC_MSGSEND = YES;
				ENABLE_TESTABILITY = YES;
				GCC_C_LANGUAGE_STANDARD = gnu11;
				GCC_DYNAMIC_NO_PIC = NO;
				GCC_NO_COMMON_BLOCKS = YES;
				GCC_OPTIMIZATION_LEVEL = 0;
				GCC_PREPROCESSOR_DEFINITIONS = (
					"DEBUG=1",
					"$(inherited)",
				);
				GCC_WARN_64_TO_32_BIT_CONVERSION = YES;
				GCC_WARN_ABOUT_RETURN_TYPE = YES_ERROR;
				GCC_WARN_UNDECLARED_SELECTOR = YES;
				GCC_WARN_UNINITIALIZED_AUTOS = YES_AGGRESSIVE;
				GCC_WARN_UNUSED_FUNCTION = YES;
				GCC_WARN_UNUSED_VARIABLE = YES;
				IPHONEOS_DEPLOYMENT_TARGET = 11.1;
				MTL_ENABLE_DEBUG_INFO = YES;
				ONLY_ACTIVE_ARCH = YES;
				SDKROOT = iphoneos;
				SWIFT_ACTIVE_COMPILATION_CONDITIONS = DEBUG;
				SWIFT_OPTIMIZATION_LEVEL = "-Onone";
			};
			name = Debug;
		};
		93102CE71FDB896B0073B2D1 /* Release */ = {
			isa = XCBuildConfiguration;
			buildSettings = {
				ALWAYS_SEARCH_USER_PATHS = NO;
				CLANG_ANALYZER_NONNULL = YES;
				CLANG_ANALYZER_NUMBER_OBJECT_CONVERSION = YES_AGGRESSIVE;
				CLANG_CXX_LANGUAGE_STANDARD = "gnu++14";
				CLANG_CXX_LIBRARY = "libc++";
				CLANG_ENABLE_MODULES = YES;
				CLANG_ENABLE_OBJC_ARC = YES;
				CLANG_WARN_BLOCK_CAPTURE_AUTORELEASING = YES;
				CLANG_WARN_BOOL_CONVERSION = YES;
				CLANG_WARN_COMMA = YES;
				CLANG_WARN_CONSTANT_CONVERSION = YES;
				CLANG_WARN_DIRECT_OBJC_ISA_USAGE = YES_ERROR;
				CLANG_WARN_DOCUMENTATION_COMMENTS = YES;
				CLANG_WARN_EMPTY_BODY = YES;
				CLANG_WARN_ENUM_CONVERSION = YES;
				CLANG_WARN_INFINITE_RECURSION = YES;
				CLANG_WARN_INT_CONVERSION = YES;
				CLANG_WARN_NON_LITERAL_NULL_CONVERSION = YES;
				CLANG_WARN_OBJC_LITERAL_CONVERSION = YES;
				CLANG_WARN_OBJC_ROOT_CLASS = YES_ERROR;
				CLANG_WARN_RANGE_LOOP_ANALYSIS = YES;
				CLANG_WARN_STRICT_PROTOTYPES = YES;
				CLANG_WARN_SUSPICIOUS_MOVE = YES;
				CLANG_WARN_UNGUARDED_AVAILABILITY = YES_AGGRESSIVE;
				CLANG_WARN_UNREACHABLE_CODE = YES;
				CLANG_WARN__DUPLICATE_METHOD_MATCH = YES;
				CODE_SIGN_IDENTITY = "iPhone Developer";
				COPY_PHASE_STRIP = NO;
				DEBUG_INFORMATION_FORMAT = "dwarf-with-dsym";
				ENABLE_NS_ASSERTIONS = NO;
				ENABLE_STRICT_OBJC_MSGSEND = YES;
				GCC_C_LANGUAGE_STANDARD = gnu11;
				GCC_NO_COMMON_BLOCKS = YES;
				GCC_WARN_64_TO_32_BIT_CONVERSION = YES;
				GCC_WARN_ABOUT_RETURN_TYPE = YES_ERROR;
				GCC_WARN_UNDECLARED_SELECTOR = YES;
				GCC_WARN_UNINITIALIZED_AUTOS = YES_AGGRESSIVE;
				GCC_WARN_UNUSED_FUNCTION = YES;
				GCC_WARN_UNUSED_VARIABLE = YES;
				IPHONEOS_DEPLOYMENT_TARGET = 11.1;
				MTL_ENABLE_DEBUG_INFO = NO;
				SDKROOT = iphoneos;
				SWIFT_OPTIMIZATION_LEVEL = "-Owholemodule";
				VALIDATE_PRODUCT = YES;
			};
			name = Release;
		};
		93102CE91FDB896B0073B2D1 /* Debug */ = {
			isa = XCBuildConfiguration;
			buildSettings = {
				ASSETCATALOG_COMPILER_APPICON_NAME = AppIcon;
				CODE_SIGN_STYLE = Automatic;
				INFOPLIST_FILE = amaro/Info.plist;
				IPHONEOS_DEPLOYMENT_TARGET = 9.0;
				LD_RUNPATH_SEARCH_PATHS = "$(inherited) @executable_path/Frameworks";
				PRODUCT_BUNDLE_IDENTIFIER = br.com.domene.amaro;
				PRODUCT_NAME = "$(TARGET_NAME)";
				SWIFT_VERSION = 4.0;
				TARGETED_DEVICE_FAMILY = "1,2";
			};
			name = Debug;
		};
		93102CEA1FDB896B0073B2D1 /* Release */ = {
			isa = XCBuildConfiguration;
			buildSettings = {
				ASSETCATALOG_COMPILER_APPICON_NAME = AppIcon;
				CODE_SIGN_STYLE = Automatic;
				INFOPLIST_FILE = amaro/Info.plist;
				IPHONEOS_DEPLOYMENT_TARGET = 9.0;
				LD_RUNPATH_SEARCH_PATHS = "$(inherited) @executable_path/Frameworks";
				PRODUCT_BUNDLE_IDENTIFIER = br.com.domene.amaro;
				PRODUCT_NAME = "$(TARGET_NAME)";
				SWIFT_VERSION = 4.0;
				TARGETED_DEVICE_FAMILY = "1,2";
			};
			name = Release;
		};
		93102CEC1FDB896B0073B2D1 /* Debug */ = {
			isa = XCBuildConfiguration;
			buildSettings = {
				ALWAYS_EMBED_SWIFT_STANDARD_LIBRARIES = YES;
				BUNDLE_LOADER = "$(TEST_HOST)";
				CODE_SIGN_STYLE = Automatic;
				INFOPLIST_FILE = amaroTests/Info.plist;
				LD_RUNPATH_SEARCH_PATHS = "$(inherited) @executable_path/Frameworks @loader_path/Frameworks";
				PRODUCT_BUNDLE_IDENTIFIER = br.com.domene.amaroTests;
				PRODUCT_NAME = "$(TARGET_NAME)";
				SWIFT_VERSION = 4.0;
				TARGETED_DEVICE_FAMILY = "1,2";
				TEST_HOST = "$(BUILT_PRODUCTS_DIR)/amaro.app/amaro";
			};
			name = Debug;
		};
		93102CED1FDB896B0073B2D1 /* Release */ = {
			isa = XCBuildConfiguration;
			buildSettings = {
				ALWAYS_EMBED_SWIFT_STANDARD_LIBRARIES = YES;
				BUNDLE_LOADER = "$(TEST_HOST)";
				CODE_SIGN_STYLE = Automatic;
				INFOPLIST_FILE = amaroTests/Info.plist;
				LD_RUNPATH_SEARCH_PATHS = "$(inherited) @executable_path/Frameworks @loader_path/Frameworks";
				PRODUCT_BUNDLE_IDENTIFIER = br.com.domene.amaroTests;
				PRODUCT_NAME = "$(TARGET_NAME)";
				SWIFT_VERSION = 4.0;
				TARGETED_DEVICE_FAMILY = "1,2";
				TEST_HOST = "$(BUILT_PRODUCTS_DIR)/amaro.app/amaro";
			};
			name = Release;
		};
/* End XCBuildConfiguration section */

/* Begin XCConfigurationList section */
		93102CC61FDB896A0073B2D1 /* Build configuration list for PBXProject "amaro" */ = {
			isa = XCConfigurationList;
			buildConfigurations = (
				93102CE61FDB896B0073B2D1 /* Debug */,
				93102CE71FDB896B0073B2D1 /* Release */,
			);
			defaultConfigurationIsVisible = 0;
			defaultConfigurationName = Release;
		};
		93102CE81FDB896B0073B2D1 /* Build configuration list for PBXNativeTarget "amaro" */ = {
			isa = XCConfigurationList;
			buildConfigurations = (
				93102CE91FDB896B0073B2D1 /* Debug */,
				93102CEA1FDB896B0073B2D1 /* Release */,
			);
			defaultConfigurationIsVisible = 0;
			defaultConfigurationName = Release;
		};
		93102CEB1FDB896B0073B2D1 /* Build configuration list for PBXNativeTarget "amaroTests" */ = {
			isa = XCConfigurationList;
			buildConfigurations = (
				93102CEC1FDB896B0073B2D1 /* Debug */,
				93102CED1FDB896B0073B2D1 /* Release */,
			);
			defaultConfigurationIsVisible = 0;
			defaultConfigurationName = Release;
		};
/* End XCConfigurationList section */
	};
	rootObject = 93102CC31FDB896A0073B2D1 /* Project object */;
}
