// !$*UTF8*$!
{
	archiveVersion = 1;
	classes = {
	};
	objectVersion = 48;
	objects = {

/* Begin PBXBuildFile section */
		39E2A482EED245CE5FB42FD5 /* Pods_amaro.framework in Frameworks */ = {isa = PBXBuildFile; fileRef = 9B1C72C356B663F10025D001 /* Pods_amaro.framework */; };
		45B2E9E7685AC87836FDF1C8 /* Pods_amaroTests.framework in Frameworks */ = {isa = PBXBuildFile; fileRef = A11017D730BF65BFED2B7E73 /* Pods_amaroTests.framework */; };
		93102CCF1FDB896B0073B2D1 /* AppDelegate.swift in Sources */ = {isa = PBXBuildFile; fileRef = 93102CCE1FDB896B0073B2D1 /* AppDelegate.swift */; };
		93102CD11FDB896B0073B2D1 /* ViewController.swift in Sources */ = {isa = PBXBuildFile; fileRef = 93102CD01FDB896B0073B2D1 /* ViewController.swift */; };
		93102CD41FDB896B0073B2D1 /* Main.storyboard in Resources */ = {isa = PBXBuildFile; fileRef = 93102CD21FDB896B0073B2D1 /* Main.storyboard */; };
		93102CD61FDB896B0073B2D1 /* Assets.xcassets in Resources */ = {isa = PBXBuildFile; fileRef = 93102CD51FDB896B0073B2D1 /* Assets.xcassets */; };
		93102CD91FDB896B0073B2D1 /* LaunchScreen.storyboard in Resources */ = {isa = PBXBuildFile; fileRef = 93102CD71FDB896B0073B2D1 /* LaunchScreen.storyboard */; };
		93102CE41FDB896B0073B2D1 /* amaroTests.swift in Sources */ = {isa = PBXBuildFile; fileRef = 93102CE31FDB896B0073B2D1 /* amaroTests.swift */; };
		93102CF31FDB8FFC0073B2D1 /* products.json in Resources */ = {isa = PBXBuildFile; fileRef = 93102CF21FDB8FFC0073B2D1 /* products.json */; };
		93102CF41FDB8FFC0073B2D1 /* products.json in Resources */ = {isa = PBXBuildFile; fileRef = 93102CF21FDB8FFC0073B2D1 /* products.json */; };
		93102CF71FDB92380073B2D1 /* ProductsStore.swift in Sources */ = {isa = PBXBuildFile; fileRef = 93102CF61FDB92380073B2D1 /* ProductsStore.swift */; };
		93102CF81FDB92380073B2D1 /* ProductsStore.swift in Sources */ = {isa = PBXBuildFile; fileRef = 93102CF61FDB92380073B2D1 /* ProductsStore.swift */; };
		93102CFB1FDB93730073B2D1 /* ProductsError.swift in Sources */ = {isa = PBXBuildFile; fileRef = 93102CFA1FDB93730073B2D1 /* ProductsError.swift */; };
		93102CFC1FDB93730073B2D1 /* ProductsError.swift in Sources */ = {isa = PBXBuildFile; fileRef = 93102CFA1FDB93730073B2D1 /* ProductsError.swift */; };
		93102D011FDB98DB0073B2D1 /* ProductModel.swift in Sources */ = {isa = PBXBuildFile; fileRef = 93102D001FDB98DB0073B2D1 /* ProductModel.swift */; };
		93102D021FDB98DB0073B2D1 /* ProductModel.swift in Sources */ = {isa = PBXBuildFile; fileRef = 93102D001FDB98DB0073B2D1 /* ProductModel.swift */; };
		93102D041FDB9B320073B2D1 /* SizeModel.swift in Sources */ = {isa = PBXBuildFile; fileRef = 93102D031FDB9B320073B2D1 /* SizeModel.swift */; };
		93102D051FDB9B320073B2D1 /* SizeModel.swift in Sources */ = {isa = PBXBuildFile; fileRef = 93102D031FDB9B320073B2D1 /* SizeModel.swift */; };
		93102D0A1FDB9F950073B2D1 /* LoadFiles.swift in Sources */ = {isa = PBXBuildFile; fileRef = 93102D091FDB9F950073B2D1 /* LoadFiles.swift */; };
		93102D0B1FDB9F950073B2D1 /* LoadFiles.swift in Sources */ = {isa = PBXBuildFile; fileRef = 93102D091FDB9F950073B2D1 /* LoadFiles.swift */; };
		93102D101FDBA3210073B2D1 /* FilesError.swift in Sources */ = {isa = PBXBuildFile; fileRef = 93102D0F1FDBA3210073B2D1 /* FilesError.swift */; };
		93102D111FDBA3210073B2D1 /* FilesError.swift in Sources */ = {isa = PBXBuildFile; fileRef = 93102D0F1FDBA3210073B2D1 /* FilesError.swift */; };
		93102D161FDC4EA90073B2D1 /* ShoppingCartSingleton.swift in Sources */ = {isa = PBXBuildFile; fileRef = 93102D151FDC4EA90073B2D1 /* ShoppingCartSingleton.swift */; };
		93102D171FDC4EA90073B2D1 /* ShoppingCartSingleton.swift in Sources */ = {isa = PBXBuildFile; fileRef = 93102D151FDC4EA90073B2D1 /* ShoppingCartSingleton.swift */; };
		93102D191FDC524D0073B2D1 /* ShoppingCartItemModel.swift in Sources */ = {isa = PBXBuildFile; fileRef = 93102D181FDC524D0073B2D1 /* ShoppingCartItemModel.swift */; };
		93102D1A1FDC524D0073B2D1 /* ShoppingCartItemModel.swift in Sources */ = {isa = PBXBuildFile; fileRef = 93102D181FDC524D0073B2D1 /* ShoppingCartItemModel.swift */; };
		93102D1D1FDC5F910073B2D1 /* String+Extension.swift in Sources */ = {isa = PBXBuildFile; fileRef = 93102D1C1FDC5F910073B2D1 /* String+Extension.swift */; };
		93102D1E1FDC5F910073B2D1 /* String+Extension.swift in Sources */ = {isa = PBXBuildFile; fileRef = 93102D1C1FDC5F910073B2D1 /* String+Extension.swift */; };
		93102D201FDC63A70073B2D1 /* Decimal+Extension.swift in Sources */ = {isa = PBXBuildFile; fileRef = 93102D1F1FDC63A70073B2D1 /* Decimal+Extension.swift */; };
		93102D211FDC63A70073B2D1 /* Decimal+Extension.swift in Sources */ = {isa = PBXBuildFile; fileRef = 93102D1F1FDC63A70073B2D1 /* Decimal+Extension.swift */; };
		93102D281FDC8FE50073B2D1 /* CustomTableViewCellController.swift in Sources */ = {isa = PBXBuildFile; fileRef = 93102D261FDC8FE50073B2D1 /* CustomTableViewCellController.swift */; };
		93102D291FDC8FE50073B2D1 /* CustomTableViewCell.xib in Resources */ = {isa = PBXBuildFile; fileRef = 93102D271FDC8FE50073B2D1 /* CustomTableViewCell.xib */; };
		93102D2B1FDC9CD90073B2D1 /* ItemView.xib in Resources */ = {isa = PBXBuildFile; fileRef = 93102D2A1FDC9CD90073B2D1 /* ItemView.xib */; };
		93102D2D1FDC9DB50073B2D1 /* ItemViewController.swift in Sources */ = {isa = PBXBuildFile; fileRef = 93102D2C1FDC9DB50073B2D1 /* ItemViewController.swift */; };
		93C45B501FDD48E000D9E8EC /* CartTableViewCellController.swift in Sources */ = {isa = PBXBuildFile; fileRef = 93C45B4F1FDD48E000D9E8EC /* CartTableViewCellController.swift */; };
		93C45B541FDD4C6600D9E8EC /* CartViewController.swift in Sources */ = {isa = PBXBuildFile; fileRef = 93C45B531FDD4C6600D9E8EC /* CartViewController.swift */; };
/* End PBXBuildFile section */

/* Begin PBXContainerItemProxy section */
		93102CE01FDB896B0073B2D1 /* PBXContainerItemProxy */ = {
			isa = PBXContainerItemProxy;
			containerPortal = 93102CC31FDB896A0073B2D1 /* Project object */;
			proxyType = 1;
			remoteGlobalIDString = 93102CCA1FDB896A0073B2D1;
			remoteInfo = amaro;
		};
/* End PBXContainerItemProxy section */

/* Begin PBXFileReference section */
		20F6466031B99EB9C777142D /* Pods-amaro.release.xcconfig */ = {isa = PBXFileReference; includeInIndex = 1; lastKnownFileType = text.xcconfig; name = "Pods-amaro.release.xcconfig"; path = "Pods/Target Support Files/Pods-amaro/Pods-amaro.release.xcconfig"; sourceTree = "<group>"; };
		250414C133C0B1DCFD393AE4 /* Pods-amaroTests.debug.xcconfig */ = {isa = PBXFileReference; includeInIndex = 1; lastKnownFileType = text.xcconfig; name = "Pods-amaroTests.debug.xcconfig"; path = "Pods/Target Support Files/Pods-amaroTests/Pods-amaroTests.debug.xcconfig"; sourceTree = "<group>"; };
		4BA954F62C595F2490D5C870 /* Pods-amaroTests.release.xcconfig */ = {isa = PBXFileReference; includeInIndex = 1; lastKnownFileType = text.xcconfig; name = "Pods-amaroTests.release.xcconfig"; path = "Pods/Target Support Files/Pods-amaroTests/Pods-amaroTests.release.xcconfig"; sourceTree = "<group>"; };
		529BE528603ED279382436B1 /* Pods-amaro.debug.xcconfig */ = {isa = PBXFileReference; includeInIndex = 1; lastKnownFileType = text.xcconfig; name = "Pods-amaro.debug.xcconfig"; path = "Pods/Target Support Files/Pods-amaro/Pods-amaro.debug.xcconfig"; sourceTree = "<group>"; };
		93102CCE1FDB896B0073B2D1 /* AppDelegate.swift */ = {isa = PBXFileReference; lastKnownFileType = sourcecode.swift; path = AppDelegate.swift; sourceTree = "<group>"; };
		93102CD01FDB896B0073B2D1 /* ViewController.swift */ = {isa = PBXFileReference; lastKnownFileType = sourcecode.swift; path = ViewController.swift; sourceTree = "<group>"; };
		93102CD31FDB896B0073B2D1 /* Base */ = {isa = PBXFileReference; lastKnownFileType = file.storyboard; name = Base; path = Base.lproj/Main.storyboard; sourceTree = "<group>"; };
		93102CD51FDB896B0073B2D1 /* Assets.xcassets */ = {isa = PBXFileReference; lastKnownFileType = folder.assetcatalog; path = Assets.xcassets; sourceTree = "<group>"; };
		93102CD81FDB896B0073B2D1 /* Base */ = {isa = PBXFileReference; lastKnownFileType = file.storyboard; name = Base; path = Base.lproj/LaunchScreen.storyboard; sourceTree = "<group>"; };
		93102CDA1FDB896B0073B2D1 /* Info.plist */ = {isa = PBXFileReference; lastKnownFileType = text.plist.xml; path = Info.plist; sourceTree = "<group>"; };
		93102CE31FDB896B0073B2D1 /* amaroTests.swift */ = {isa = PBXFileReference; lastKnownFileType = sourcecode.swift; path = amaroTests.swift; sourceTree = "<group>"; };
		93102CE51FDB896B0073B2D1 /* Info.plist */ = {isa = PBXFileReference; lastKnownFileType = text.plist.xml; path = Info.plist; sourceTree = "<group>"; };
		93102CF01FDB8F560073B2D1 /* amaro.app */ = {isa = PBXFileReference; explicitFileType = wrapper.application; includeInIndex = 0; path = amaro.app; sourceTree = BUILT_PRODUCTS_DIR; };
		93102CF11FDB8F560073B2D1 /* amaroTests.xctest */ = {isa = PBXFileReference; explicitFileType = wrapper.cfbundle; includeInIndex = 0; path = amaroTests.xctest; sourceTree = BUILT_PRODUCTS_DIR; };
		93102CF21FDB8FFC0073B2D1 /* products.json */ = {isa = PBXFileReference; fileEncoding = 4; lastKnownFileType = text.json; path = products.json; sourceTree = "<group>"; };
		93102CF61FDB92380073B2D1 /* ProductsStore.swift */ = {isa = PBXFileReference; lastKnownFileType = sourcecode.swift; path = ProductsStore.swift; sourceTree = "<group>"; };
		93102CFA1FDB93730073B2D1 /* ProductsError.swift */ = {isa = PBXFileReference; lastKnownFileType = sourcecode.swift; path = ProductsError.swift; sourceTree = "<group>"; };
		93102D001FDB98DB0073B2D1 /* ProductModel.swift */ = {isa = PBXFileReference; lastKnownFileType = sourcecode.swift; path = ProductModel.swift; sourceTree = "<group>"; };
		93102D031FDB9B320073B2D1 /* SizeModel.swift */ = {isa = PBXFileReference; lastKnownFileType = sourcecode.swift; path = SizeModel.swift; sourceTree = "<group>"; };
		93102D091FDB9F950073B2D1 /* LoadFiles.swift */ = {isa = PBXFileReference; lastKnownFileType = sourcecode.swift; path = LoadFiles.swift; sourceTree = "<group>"; };
		93102D0F1FDBA3210073B2D1 /* FilesError.swift */ = {isa = PBXFileReference; lastKnownFileType = sourcecode.swift; path = FilesError.swift; sourceTree = "<group>"; };
		93102D151FDC4EA90073B2D1 /* ShoppingCartSingleton.swift */ = {isa = PBXFileReference; lastKnownFileType = sourcecode.swift; path = ShoppingCartSingleton.swift; sourceTree = "<group>"; };
		93102D181FDC524D0073B2D1 /* ShoppingCartItemModel.swift */ = {isa = PBXFileReference; lastKnownFileType = sourcecode.swift; path = ShoppingCartItemModel.swift; sourceTree = "<group>"; };
		93102D1C1FDC5F910073B2D1 /* String+Extension.swift */ = {isa = PBXFileReference; lastKnownFileType = sourcecode.swift; path = "String+Extension.swift"; sourceTree = "<group>"; };
		93102D1F1FDC63A70073B2D1 /* Decimal+Extension.swift */ = {isa = PBXFileReference; lastKnownFileType = sourcecode.swift; path = "Decimal+Extension.swift"; sourceTree = "<group>"; };
		93102D261FDC8FE50073B2D1 /* CustomTableViewCellController.swift */ = {isa = PBXFileReference; lastKnownFileType = sourcecode.swift; path = CustomTableViewCellController.swift; sourceTree = "<group>"; };
		93102D271FDC8FE50073B2D1 /* CustomTableViewCell.xib */ = {isa = PBXFileReference; lastKnownFileType = file.xib; path = CustomTableViewCell.xib; sourceTree = "<group>"; };
		93102D2A1FDC9CD90073B2D1 /* ItemView.xib */ = {isa = PBXFileReference; lastKnownFileType = file.xib; path = ItemView.xib; sourceTree = "<group>"; };
		93102D2C1FDC9DB50073B2D1 /* ItemViewController.swift */ = {isa = PBXFileReference; lastKnownFileType = sourcecode.swift; path = ItemViewController.swift; sourceTree = "<group>"; };
		93C45B4F1FDD48E000D9E8EC /* CartTableViewCellController.swift */ = {isa = PBXFileReference; lastKnownFileType = sourcecode.swift; path = CartTableViewCellController.swift; sourceTree = "<group>"; };
		93C45B531FDD4C6600D9E8EC /* CartViewController.swift */ = {isa = PBXFileReference; lastKnownFileType = sourcecode.swift; path = CartViewController.swift; sourceTree = "<group>"; };
		9B1C72C356B663F10025D001 /* Pods_amaro.framework */ = {isa = PBXFileReference; explicitFileType = wrapper.framework; includeInIndex = 0; path = Pods_amaro.framework; sourceTree = BUILT_PRODUCTS_DIR; };
		A11017D730BF65BFED2B7E73 /* Pods_amaroTests.framework */ = {isa = PBXFileReference; explicitFileType = wrapper.framework; includeInIndex = 0; path = Pods_amaroTests.framework; sourceTree = BUILT_PRODUCTS_DIR; };
/* End PBXFileReference section */

/* Begin PBXFrameworksBuildPhase section */
		93102CC81FDB896A0073B2D1 /* Frameworks */ = {
			isa = PBXFrameworksBuildPhase;
			buildActionMask = 2147483647;
			files = (
				39E2A482EED245CE5FB42FD5 /* Pods_amaro.framework in Frameworks */,
			);
			runOnlyForDeploymentPostprocessing = 0;
		};
		93102CDC1FDB896B0073B2D1 /* Frameworks */ = {
			isa = PBXFrameworksBuildPhase;
			buildActionMask = 2147483647;
			files = (
				45B2E9E7685AC87836FDF1C8 /* Pods_amaroTests.framework in Frameworks */,
			);
			runOnlyForDeploymentPostprocessing = 0;
		};
/* End PBXFrameworksBuildPhase section */

/* Begin PBXGroup section */
		593EFFE953B6025E8B505F3C /* Pods */ = {
			isa = PBXGroup;
			children = (
				529BE528603ED279382436B1 /* Pods-amaro.debug.xcconfig */,
				20F6466031B99EB9C777142D /* Pods-amaro.release.xcconfig */,
				250414C133C0B1DCFD393AE4 /* Pods-amaroTests.debug.xcconfig */,
				4BA954F62C595F2490D5C870 /* Pods-amaroTests.release.xcconfig */,
			);
			name = Pods;
			sourceTree = "<group>";
		};
		93102CC21FDB896A0073B2D1 = {
			isa = PBXGroup;
			children = (
				93102CCD1FDB896B0073B2D1 /* amaro */,
				93102CE21FDB896B0073B2D1 /* amaroTests */,
				93102CF01FDB8F560073B2D1 /* amaro.app */,
				93102CF11FDB8F560073B2D1 /* amaroTests.xctest */,
				593EFFE953B6025E8B505F3C /* Pods */,
				B52A8A8D27F17070F3864A56 /* Frameworks */,
			);
			sourceTree = "<group>";
		};
		93102CCD1FDB896B0073B2D1 /* amaro */ = {
			isa = PBXGroup;
			children = (
				93102D1B1FDC5F770073B2D1 /* Extensions */,
				93102CFF1FDB968C0073B2D1 /* Models */,
				93102CFE1FDB95440073B2D1 /* Views */,
				93102CFD1FDB952E0073B2D1 /* Controllers */,
				93102CF91FDB93550073B2D1 /* Helpers */,
				93102CF51FDB917E0073B2D1 /* Stores */,
				93102CEF1FDB8E6F0073B2D1 /* Resources */,
				93102CCE1FDB896B0073B2D1 /* AppDelegate.swift */,
				93102CD51FDB896B0073B2D1 /* Assets.xcassets */,
				93102CDA1FDB896B0073B2D1 /* Info.plist */,
			);
			path = amaro;
			sourceTree = "<group>";
		};
		93102CE21FDB896B0073B2D1 /* amaroTests */ = {
			isa = PBXGroup;
			children = (
				93102CE31FDB896B0073B2D1 /* amaroTests.swift */,
				93102CE51FDB896B0073B2D1 /* Info.plist */,
			);
			path = amaroTests;
			sourceTree = "<group>";
		};
		93102CEF1FDB8E6F0073B2D1 /* Resources */ = {
			isa = PBXGroup;
			children = (
				93102CF21FDB8FFC0073B2D1 /* products.json */,
			);
			name = Resources;
			sourceTree = "<group>";
		};
		93102CF51FDB917E0073B2D1 /* Stores */ = {
			isa = PBXGroup;
			children = (
				93102CF61FDB92380073B2D1 /* ProductsStore.swift */,
			);
			path = Stores;
			sourceTree = "<group>";
		};
		93102CF91FDB93550073B2D1 /* Helpers */ = {
			isa = PBXGroup;
			children = (
				93102CFA1FDB93730073B2D1 /* ProductsError.swift */,
				93102D091FDB9F950073B2D1 /* LoadFiles.swift */,
				93102D0F1FDBA3210073B2D1 /* FilesError.swift */,
			);
			name = Helpers;
			sourceTree = "<group>";
		};
		93102CFD1FDB952E0073B2D1 /* Controllers */ = {
			isa = PBXGroup;
			children = (
				93102D261FDC8FE50073B2D1 /* CustomTableViewCellController.swift */,
				93102CD01FDB896B0073B2D1 /* ViewController.swift */,
				93102D2C1FDC9DB50073B2D1 /* ItemViewController.swift */,
				93C45B4F1FDD48E000D9E8EC /* CartTableViewCellController.swift */,
				93C45B531FDD4C6600D9E8EC /* CartViewController.swift */,
			);
			path = Controllers;
			sourceTree = "<group>";
		};
		93102CFE1FDB95440073B2D1 /* Views */ = {
			isa = PBXGroup;
			children = (
				93102CD71FDB896B0073B2D1 /* LaunchScreen.storyboard */,
				93102CD21FDB896B0073B2D1 /* Main.storyboard */,
				93102D271FDC8FE50073B2D1 /* CustomTableViewCell.xib */,
				93102D2A1FDC9CD90073B2D1 /* ItemView.xib */,
			);
			name = Views;
			sourceTree = "<group>";
		};
		93102CFF1FDB968C0073B2D1 /* Models */ = {
			isa = PBXGroup;
			children = (
				93102D001FDB98DB0073B2D1 /* ProductModel.swift */,
				93102D031FDB9B320073B2D1 /* SizeModel.swift */,
				93102D151FDC4EA90073B2D1 /* ShoppingCartSingleton.swift */,
				93102D181FDC524D0073B2D1 /* ShoppingCartItemModel.swift */,
			);
			path = Models;
			sourceTree = "<group>";
		};
		93102D1B1FDC5F770073B2D1 /* Extensions */ = {
			isa = PBXGroup;
			children = (
				93102D1C1FDC5F910073B2D1 /* String+Extension.swift */,
				93102D1F1FDC63A70073B2D1 /* Decimal+Extension.swift */,
			);
			name = Extensions;
			sourceTree = "<group>";
		};
		B52A8A8D27F17070F3864A56 /* Frameworks */ = {
			isa = PBXGroup;
			children = (
				9B1C72C356B663F10025D001 /* Pods_amaro.framework */,
				A11017D730BF65BFED2B7E73 /* Pods_amaroTests.framework */,
			);
			name = Frameworks;
			sourceTree = "<group>";
		};
/* End PBXGroup section */

/* Begin PBXNativeTarget section */
		93102CCA1FDB896A0073B2D1 /* amaro */ = {
			isa = PBXNativeTarget;
			buildConfigurationList = 93102CE81FDB896B0073B2D1 /* Build configuration list for PBXNativeTarget "amaro" */;
			buildPhases = (
				E1424C59F599545C6784A2F5 /* [CP] Check Pods Manifest.lock */,
				93102CC71FDB896A0073B2D1 /* Sources */,
				93102CC81FDB896A0073B2D1 /* Frameworks */,
				93102CC91FDB896A0073B2D1 /* Resources */,
				A970A64076B3D41AE8A9E047 /* [CP] Embed Pods Frameworks */,
				ED596D1F01387B63B44CFF67 /* [CP] Copy Pods Resources */,
			);
			buildRules = (
			);
			dependencies = (
			);
			name = amaro;
			productName = amaro;
			productReference = 93102CF01FDB8F560073B2D1 /* amaro.app */;
			productType = "com.apple.product-type.application";
		};
		93102CDE1FDB896B0073B2D1 /* amaroTests */ = {
			isa = PBXNativeTarget;
			buildConfigurationList = 93102CEB1FDB896B0073B2D1 /* Build configuration list for PBXNativeTarget "amaroTests" */;
			buildPhases = (
				D8CB0ED5769AECF757A54A5F /* [CP] Check Pods Manifest.lock */,
				93102CDB1FDB896B0073B2D1 /* Sources */,
				93102CDC1FDB896B0073B2D1 /* Frameworks */,
				93102CDD1FDB896B0073B2D1 /* Resources */,
				C1D77F4B73D9E93C66F18419 /* [CP] Embed Pods Frameworks */,
				2622624150FCB09E45A84E82 /* [CP] Copy Pods Resources */,
			);
			buildRules = (
			);
			dependencies = (
				93102CE11FDB896B0073B2D1 /* PBXTargetDependency */,
			);
			name = amaroTests;
			productName = amaroTests;
			productReference = 93102CF11FDB8F560073B2D1 /* amaroTests.xctest */;
			productType = "com.apple.product-type.bundle.unit-test";
		};
/* End PBXNativeTarget section */

/* Begin PBXProject section */
		93102CC31FDB896A0073B2D1 /* Project object */ = {
			isa = PBXProject;
			attributes = {
				LastSwiftUpdateCheck = 0910;
				LastUpgradeCheck = 0910;
				ORGANIZATIONNAME = "Eduardo Domene Junior";
				TargetAttributes = {
					93102CCA1FDB896A0073B2D1 = {
						CreatedOnToolsVersion = 9.1;
						ProvisioningStyle = Automatic;
					};
					93102CDE1FDB896B0073B2D1 = {
						CreatedOnToolsVersion = 9.1;
						ProvisioningStyle = Automatic;
						TestTargetID = 93102CCA1FDB896A0073B2D1;
					};
				};
			};
			buildConfigurationList = 93102CC61FDB896A0073B2D1 /* Build configuration list for PBXProject "amaro" */;
			compatibilityVersion = "Xcode 8.0";
			developmentRegion = en;
			hasScannedForEncodings = 0;
			knownRegions = (
				en,
				Base,
			);
			mainGroup = 93102CC21FDB896A0073B2D1;
			productRefGroup = 93102CC21FDB896A0073B2D1;
			projectDirPath = "";
			projectRoot = "";
			targets = (
				93102CCA1FDB896A0073B2D1 /* amaro */,
				93102CDE1FDB896B0073B2D1 /* amaroTests */,
			);
		};
/* End PBXProject section */

/* Begin PBXResourcesBuildPhase section */
		93102CC91FDB896A0073B2D1 /* Resources */ = {
			isa = PBXResourcesBuildPhase;
			buildActionMask = 2147483647;
			files = (
				93102CD91FDB896B0073B2D1 /* LaunchScreen.storyboard in Resources */,
				93102CF31FDB8FFC0073B2D1 /* products.json in Resources */,
				93102D291FDC8FE50073B2D1 /* CustomTableViewCell.xib in Resources */,
				93102D2B1FDC9CD90073B2D1 /* ItemView.xib in Resources */,
				93102CD61FDB896B0073B2D1 /* Assets.xcassets in Resources */,
				93102CD41FDB896B0073B2D1 /* Main.storyboard in Resources */,
			);
			runOnlyForDeploymentPostprocessing = 0;
		};
		93102CDD1FDB896B0073B2D1 /* Resources */ = {
			isa = PBXResourcesBuildPhase;
			buildActionMask = 2147483647;
			files = (
				93102CF41FDB8FFC0073B2D1 /* products.json in Resources */,
			);
			runOnlyForDeploymentPostprocessing = 0;
		};
/* End PBXResourcesBuildPhase section */

/* Begin PBXShellScriptBuildPhase section */
		2622624150FCB09E45A84E82 /* [CP] Copy Pods Resources */ = {
			isa = PBXShellScriptBuildPhase;
			buildActionMask = 2147483647;
			files = (
			);
			inputPaths = (
			);
			name = "[CP] Copy Pods Resources";
			outputPaths = (
			);
			runOnlyForDeploymentPostprocessing = 0;
			shellPath = /bin/sh;
			shellScript = "\"${SRCROOT}/Pods/Target Support Files/Pods-amaroTests/Pods-amaroTests-resources.sh\"\n";
			showEnvVarsInLog = 0;
		};
		A970A64076B3D41AE8A9E047 /* [CP] Embed Pods Frameworks */ = {
			isa = PBXShellScriptBuildPhase;
			buildActionMask = 2147483647;
			files = (
			);
			inputPaths = (
				"${SRCROOT}/Pods/Target Support Files/Pods-amaro/Pods-amaro-frameworks.sh",
				"${BUILT_PRODUCTS_DIR}/Kingfisher/Kingfisher.framework",
				"${BUILT_PRODUCTS_DIR}/Marshal/Marshal.framework",
			);
			name = "[CP] Embed Pods Frameworks";
			outputPaths = (
				"${TARGET_BUILD_DIR}/${FRAMEWORKS_FOLDER_PATH}/Kingfisher.framework",
				"${TARGET_BUILD_DIR}/${FRAMEWORKS_FOLDER_PATH}/Marshal.framework",
			);
			runOnlyForDeploymentPostprocessing = 0;
			shellPath = /bin/sh;
			shellScript = "\"${SRCROOT}/Pods/Target Support Files/Pods-amaro/Pods-amaro-frameworks.sh\"\n";
			showEnvVarsInLog = 0;
		};
		C1D77F4B73D9E93C66F18419 /* [CP] Embed Pods Frameworks */ = {
			isa = PBXShellScriptBuildPhase;
			buildActionMask = 2147483647;
			files = (
			);
			inputPaths = (
			);
			name = "[CP] Embed Pods Frameworks";
			outputPaths = (
			);
			runOnlyForDeploymentPostprocessing = 0;
			shellPath = /bin/sh;
			shellScript = "\"${SRCROOT}/Pods/Target Support Files/Pods-amaroTests/Pods-amaroTests-frameworks.sh\"\n";
			showEnvVarsInLog = 0;
		};
		D8CB0ED5769AECF757A54A5F /* [CP] Check Pods Manifest.lock */ = {
			isa = PBXShellScriptBuildPhase;
			buildActionMask = 2147483647;
			files = (
			);
			inputPaths = (
				"${PODS_PODFILE_DIR_PATH}/Podfile.lock",
				"${PODS_ROOT}/Manifest.lock",
			);
			name = "[CP] Check Pods Manifest.lock";
			outputPaths = (
				"$(DERIVED_FILE_DIR)/Pods-amaroTests-checkManifestLockResult.txt",
			);
			runOnlyForDeploymentPostprocessing = 0;
			shellPath = /bin/sh;
			shellScript = "diff \"${PODS_PODFILE_DIR_PATH}/Podfile.lock\" \"${PODS_ROOT}/Manifest.lock\" > /dev/null\nif [ $? != 0 ] ; then\n    # print error to STDERR\n    echo \"error: The sandbox is not in sync with the Podfile.lock. Run 'pod install' or update your CocoaPods installation.\" >&2\n    exit 1\nfi\n# This output is used by Xcode 'outputs' to avoid re-running this script phase.\necho \"SUCCESS\" > \"${SCRIPT_OUTPUT_FILE_0}\"\n";
			showEnvVarsInLog = 0;
		};
		E1424C59F599545C6784A2F5 /* [CP] Check Pods Manifest.lock */ = {
			isa = PBXShellScriptBuildPhase;
			buildActionMask = 2147483647;
			files = (
			);
			inputPaths = (
				"${PODS_PODFILE_DIR_PATH}/Podfile.lock",
				"${PODS_ROOT}/Manifest.lock",
			);
			name = "[CP] Check Pods Manifest.lock";
			outputPaths = (
				"$(DERIVED_FILE_DIR)/Pods-amaro-checkManifestLockResult.txt",
			);
			runOnlyForDeploymentPostprocessing = 0;
			shellPath = /bin/sh;
			shellScript = "diff \"${PODS_PODFILE_DIR_PATH}/Podfile.lock\" \"${PODS_ROOT}/Manifest.lock\" > /dev/null\nif [ $? != 0 ] ; then\n    # print error to STDERR\n    echo \"error: The sandbox is not in sync with the Podfile.lock. Run 'pod install' or update your CocoaPods installation.\" >&2\n    exit 1\nfi\n# This output is used by Xcode 'outputs' to avoid re-running this script phase.\necho \"SUCCESS\" > \"${SCRIPT_OUTPUT_FILE_0}\"\n";
			showEnvVarsInLog = 0;
		};
		ED596D1F01387B63B44CFF67 /* [CP] Copy Pods Resources */ = {
			isa = PBXShellScriptBuildPhase;
			buildActionMask = 2147483647;
			files = (
			);
			inputPaths = (
			);
			name = "[CP] Copy Pods Resources";
			outputPaths = (
			);
			runOnlyForDeploymentPostprocessing = 0;
			shellPath = /bin/sh;
			shellScript = "\"${SRCROOT}/Pods/Target Support Files/Pods-amaro/Pods-amaro-resources.sh\"\n";
			showEnvVarsInLog = 0;
		};
/* End PBXShellScriptBuildPhase section */

/* Begin PBXSourcesBuildPhase section */
		93102CC71FDB896A0073B2D1 /* Sources */ = {
			isa = PBXSourcesBuildPhase;
			buildActionMask = 2147483647;
			files = (
				93102D191FDC524D0073B2D1 /* ShoppingCartItemModel.swift in Sources */,
				93102D1D1FDC5F910073B2D1 /* String+Extension.swift in Sources */,
				93102D101FDBA3210073B2D1 /* FilesError.swift in Sources */,
				93102D041FDB9B320073B2D1 /* SizeModel.swift in Sources */,
				93102CFB1FDB93730073B2D1 /* ProductsError.swift in Sources */,
				93102D201FDC63A70073B2D1 /* Decimal+Extension.swift in Sources */,
				93102CD11FDB896B0073B2D1 /* ViewController.swift in Sources */,
				93102D2D1FDC9DB50073B2D1 /* ItemViewController.swift in Sources */,
				93102D161FDC4EA90073B2D1 /* ShoppingCartSingleton.swift in Sources */,
				93102CCF1FDB896B0073B2D1 /* AppDelegate.swift in Sources */,
				93102D0A1FDB9F950073B2D1 /* LoadFiles.swift in Sources */,
				93C45B501FDD48E000D9E8EC /* CartTableViewCellController.swift in Sources */,
				93C45B541FDD4C6600D9E8EC /* CartViewController.swift in Sources */,
				93102CF71FDB92380073B2D1 /* ProductsStore.swift in Sources */,
				93102D011FDB98DB0073B2D1 /* ProductModel.swift in Sources */,
				93102D281FDC8FE50073B2D1 /* CustomTableViewCellController.swift in Sources */,
			);
			runOnlyForDeploymentPostprocessing = 0;
		};
		93102CDB1FDB896B0073B2D1 /* Sources */ = {
			isa = PBXSourcesBuildPhase;
			buildActionMask = 2147483647;
			files = (
				93102D171FDC4EA90073B2D1 /* ShoppingCartSingleton.swift in Sources */,
				93102D111FDBA3210073B2D1 /* FilesError.swift in Sources */,
				93102CFC1FDB93730073B2D1 /* ProductsError.swift in Sources */,
				93102CE41FDB896B0073B2D1 /* amaroTests.swift in Sources */,
				93102CF81FDB92380073B2D1 /* ProductsStore.swift in Sources */,
				93102D021FDB98DB0073B2D1 /* ProductModel.swift in Sources */,
				93102D1A1FDC524D0073B2D1 /* ShoppingCartItemModel.swift in Sources */,
				93102D211FDC63A70073B2D1 /* Decimal+Extension.swift in Sources */,
				93102D051FDB9B320073B2D1 /* SizeModel.swift in Sources */,
				93102D1E1FDC5F910073B2D1 /* String+Extension.swift in Sources */,
				93102D0B1FDB9F950073B2D1 /* LoadFiles.swift in Sources */,
			);
			runOnlyForDeploymentPostprocessing = 0;
		};
/* End PBXSourcesBuildPhase section */

/* Begin PBXTargetDependency section */
		93102CE11FDB896B0073B2D1 /* PBXTargetDependency */ = {
			isa = PBXTargetDependency;
			target = 93102CCA1FDB896A0073B2D1 /* amaro */;
			targetProxy = 93102CE01FDB896B0073B2D1 /* PBXContainerItemProxy */;
		};
/* End PBXTargetDependency section */

/* Begin PBXVariantGroup section */
		93102CD21FDB896B0073B2D1 /* Main.storyboard */ = {
			isa = PBXVariantGroup;
			children = (
				93102CD31FDB896B0073B2D1 /* Base */,
			);
			name = Main.storyboard;
			sourceTree = "<group>";
		};
		93102CD71FDB896B0073B2D1 /* LaunchScreen.storyboard */ = {
			isa = PBXVariantGroup;
			children = (
				93102CD81FDB896B0073B2D1 /* Base */,
			);
			name = LaunchScreen.storyboard;
			sourceTree = "<group>";
		};
/* End PBXVariantGroup section */

/* Begin XCBuildConfiguration section */
		93102CE61FDB896B0073B2D1 /* Debug */ = {
			isa = XCBuildConfiguration;
			buildSettings = {
				ALWAYS_SEARCH_USER_PATHS = NO;
				CLANG_ANALYZER_NONNULL = YES;
				CLANG_ANALYZER_NUMBER_OBJECT_CONVERSION = YES_AGGRESSIVE;
				CLANG_CXX_LANGUAGE_STANDARD = "gnu++14";
				CLANG_CXX_LIBRARY = "libc++";
				CLANG_ENABLE_MODULES = YES;
				CLANG_ENABLE_OBJC_ARC = YES;
				CLANG_WARN_BLOCK_CAPTURE_AUTORELEASING = YES;
				CLANG_WARN_BOOL_CONVERSION = YES;
				CLANG_WARN_COMMA = YES;
				CLANG_WARN_CONSTANT_CONVERSION = YES;
				CLANG_WARN_DIRECT_OBJC_ISA_USAGE = YES_ERROR;
				CLANG_WARN_DOCUMENTATION_COMMENTS = YES;
				CLANG_WARN_EMPTY_BODY = YES;
				CLANG_WARN_ENUM_CONVERSION = YES;
				CLANG_WARN_INFINITE_RECURSION = YES;
				CLANG_WARN_INT_CONVERSION = YES;
				CLANG_WARN_NON_LITERAL_NULL_CONVERSION = YES;
				CLANG_WARN_OBJC_LITERAL_CONVERSION = YES;
				CLANG_WARN_OBJC_ROOT_CLASS = YES_ERROR;
				CLANG_WARN_RANGE_LOOP_ANALYSIS = YES;
				CLANG_WARN_STRICT_PROTOTYPES = YES;
				CLANG_WARN_SUSPICIOUS_MOVE = YES;
				CLANG_WARN_UNGUARDED_AVAILABILITY = YES_AGGRESSIVE;
				CLANG_WARN_UNREACHABLE_CODE = YES;
				CLANG_WARN__DUPLICATE_METHOD_MATCH = YES;
				CODE_SIGN_IDENTITY = "iPhone Developer";
				COPY_PHASE_STRIP = NO;
				DEBUG_INFORMATION_FORMAT = dwarf;
				ENABLE_STRICT_OBJC_MSGSEND = YES;
				ENABLE_TESTABILITY = YES;
				GCC_C_LANGUAGE_STANDARD = gnu11;
				GCC_DYNAMIC_NO_PIC = NO;
				GCC_NO_COMMON_BLOCKS = YES;
				GCC_OPTIMIZATION_LEVEL = 0;
				GCC_PREPROCESSOR_DEFINITIONS = (
					"DEBUG=1",
					"$(inherited)",
				);
				GCC_WARN_64_TO_32_BIT_CONVERSION = YES;
				GCC_WARN_ABOUT_RETURN_TYPE = YES_ERROR;
				GCC_WARN_UNDECLARED_SELECTOR = YES;
				GCC_WARN_UNINITIALIZED_AUTOS = YES_AGGRESSIVE;
				GCC_WARN_UNUSED_FUNCTION = YES;
				GCC_WARN_UNUSED_VARIABLE = YES;
				IPHONEOS_DEPLOYMENT_TARGET = 11.1;
				MTL_ENABLE_DEBUG_INFO = YES;
				ONLY_ACTIVE_ARCH = YES;
				SDKROOT = iphoneos;
				SWIFT_ACTIVE_COMPILATION_CONDITIONS = DEBUG;
				SWIFT_OPTIMIZATION_LEVEL = "-Onone";
			};
			name = Debug;
		};
		93102CE71FDB896B0073B2D1 /* Release */ = {
			isa = XCBuildConfiguration;
			buildSettings = {
				ALWAYS_SEARCH_USER_PATHS = NO;
				CLANG_ANALYZER_NONNULL = YES;
				CLANG_ANALYZER_NUMBER_OBJECT_CONVERSION = YES_AGGRESSIVE;
				CLANG_CXX_LANGUAGE_STANDARD = "gnu++14";
				CLANG_CXX_LIBRARY = "libc++";
				CLANG_ENABLE_MODULES = YES;
				CLANG_ENABLE_OBJC_ARC = YES;
				CLANG_WARN_BLOCK_CAPTURE_AUTORELEASING = YES;
				CLANG_WARN_BOOL_CONVERSION = YES;
				CLANG_WARN_COMMA = YES;
				CLANG_WARN_CONSTANT_CONVERSION = YES;
				CLANG_WARN_DIRECT_OBJC_ISA_USAGE = YES_ERROR;
				CLANG_WARN_DOCUMENTATION_COMMENTS = YES;
				CLANG_WARN_EMPTY_BODY = YES;
				CLANG_WARN_ENUM_CONVERSION = YES;
				CLANG_WARN_INFINITE_RECURSION = YES;
				CLANG_WARN_INT_CONVERSION = YES;
				CLANG_WARN_NON_LITERAL_NULL_CONVERSION = YES;
				CLANG_WARN_OBJC_LITERAL_CONVERSION = YES;
				CLANG_WARN_OBJC_ROOT_CLASS = YES_ERROR;
				CLANG_WARN_RANGE_LOOP_ANALYSIS = YES;
				CLANG_WARN_STRICT_PROTOTYPES = YES;
				CLANG_WARN_SUSPICIOUS_MOVE = YES;
				CLANG_WARN_UNGUARDED_AVAILABILITY = YES_AGGRESSIVE;
				CLANG_WARN_UNREACHABLE_CODE = YES;
				CLANG_WARN__DUPLICATE_METHOD_MATCH = YES;
				CODE_SIGN_IDENTITY = "iPhone Developer";
				COPY_PHASE_STRIP = NO;
				DEBUG_INFORMATION_FORMAT = "dwarf-with-dsym";
				ENABLE_NS_ASSERTIONS = NO;
				ENABLE_STRICT_OBJC_MSGSEND = YES;
				GCC_C_LANGUAGE_STANDARD = gnu11;
				GCC_NO_COMMON_BLOCKS = YES;
				GCC_WARN_64_TO_32_BIT_CONVERSION = YES;
				GCC_WARN_ABOUT_RETURN_TYPE = YES_ERROR;
				GCC_WARN_UNDECLARED_SELECTOR = YES;
				GCC_WARN_UNINITIALIZED_AUTOS = YES_AGGRESSIVE;
				GCC_WARN_UNUSED_FUNCTION = YES;
				GCC_WARN_UNUSED_VARIABLE = YES;
				IPHONEOS_DEPLOYMENT_TARGET = 11.1;
				MTL_ENABLE_DEBUG_INFO = NO;
				SDKROOT = iphoneos;
				SWIFT_OPTIMIZATION_LEVEL = "-Owholemodule";
				VALIDATE_PRODUCT = YES;
			};
			name = Release;
		};
		93102CE91FDB896B0073B2D1 /* Debug */ = {
			isa = XCBuildConfiguration;
			baseConfigurationReference = 529BE528603ED279382436B1 /* Pods-amaro.debug.xcconfig */;
			buildSettings = {
				ASSETCATALOG_COMPILER_APPICON_NAME = AppIcon;
				CODE_SIGN_STYLE = Automatic;
				INFOPLIST_FILE = amaro/Info.plist;
				IPHONEOS_DEPLOYMENT_TARGET = 9.0;
				LD_RUNPATH_SEARCH_PATHS = "$(inherited) @executable_path/Frameworks";
				PRODUCT_BUNDLE_IDENTIFIER = br.com.domene.amaro;
				PRODUCT_NAME = "$(TARGET_NAME)";
				SWIFT_VERSION = 4.0;
				TARGETED_DEVICE_FAMILY = "1,2";
			};
			name = Debug;
		};
		93102CEA1FDB896B0073B2D1 /* Release */ = {
			isa = XCBuildConfiguration;
			baseConfigurationReference = 20F6466031B99EB9C777142D /* Pods-amaro.release.xcconfig */;
			buildSettings = {
				ASSETCATALOG_COMPILER_APPICON_NAME = AppIcon;
				CODE_SIGN_STYLE = Automatic;
				INFOPLIST_FILE = amaro/Info.plist;
				IPHONEOS_DEPLOYMENT_TARGET = 9.0;
				LD_RUNPATH_SEARCH_PATHS = "$(inherited) @executable_path/Frameworks";
				PRODUCT_BUNDLE_IDENTIFIER = br.com.domene.amaro;
				PRODUCT_NAME = "$(TARGET_NAME)";
				SWIFT_VERSION = 4.0;
				TARGETED_DEVICE_FAMILY = "1,2";
			};
			name = Release;
		};
		93102CEC1FDB896B0073B2D1 /* Debug */ = {
			isa = XCBuildConfiguration;
			baseConfigurationReference = 250414C133C0B1DCFD393AE4 /* Pods-amaroTests.debug.xcconfig */;
			buildSettings = {
				ALWAYS_EMBED_SWIFT_STANDARD_LIBRARIES = YES;
				BUNDLE_LOADER = "$(TEST_HOST)";
				CODE_SIGN_STYLE = Automatic;
				INFOPLIST_FILE = amaroTests/Info.plist;
				LD_RUNPATH_SEARCH_PATHS = "$(inherited) @executable_path/Frameworks @loader_path/Frameworks";
				PRODUCT_BUNDLE_IDENTIFIER = br.com.domene.amaroTests;
				PRODUCT_NAME = "$(TARGET_NAME)";
				SWIFT_VERSION = 4.0;
				TARGETED_DEVICE_FAMILY = "1,2";
				TEST_HOST = "$(BUILT_PRODUCTS_DIR)/amaro.app/amaro";
			};
			name = Debug;
		};
		93102CED1FDB896B0073B2D1 /* Release */ = {
			isa = XCBuildConfiguration;
			baseConfigurationReference = 4BA954F62C595F2490D5C870 /* Pods-amaroTests.release.xcconfig */;
			buildSettings = {
				ALWAYS_EMBED_SWIFT_STANDARD_LIBRARIES = YES;
				BUNDLE_LOADER = "$(TEST_HOST)";
				CODE_SIGN_STYLE = Automatic;
				INFOPLIST_FILE = amaroTests/Info.plist;
				LD_RUNPATH_SEARCH_PATHS = "$(inherited) @executable_path/Frameworks @loader_path/Frameworks";
				PRODUCT_BUNDLE_IDENTIFIER = br.com.domene.amaroTests;
				PRODUCT_NAME = "$(TARGET_NAME)";
				SWIFT_VERSION = 4.0;
				TARGETED_DEVICE_FAMILY = "1,2";
				TEST_HOST = "$(BUILT_PRODUCTS_DIR)/amaro.app/amaro";
			};
			name = Release;
		};
/* End XCBuildConfiguration section */

/* Begin XCConfigurationList section */
		93102CC61FDB896A0073B2D1 /* Build configuration list for PBXProject "amaro" */ = {
			isa = XCConfigurationList;
			buildConfigurations = (
				93102CE61FDB896B0073B2D1 /* Debug */,
				93102CE71FDB896B0073B2D1 /* Release */,
			);
			defaultConfigurationIsVisible = 0;
			defaultConfigurationName = Release;
		};
		93102CE81FDB896B0073B2D1 /* Build configuration list for PBXNativeTarget "amaro" */ = {
			isa = XCConfigurationList;
			buildConfigurations = (
				93102CE91FDB896B0073B2D1 /* Debug */,
				93102CEA1FDB896B0073B2D1 /* Release */,
			);
			defaultConfigurationIsVisible = 0;
			defaultConfigurationName = Release;
		};
		93102CEB1FDB896B0073B2D1 /* Build configuration list for PBXNativeTarget "amaroTests" */ = {
			isa = XCConfigurationList;
			buildConfigurations = (
				93102CEC1FDB896B0073B2D1 /* Debug */,
				93102CED1FDB896B0073B2D1 /* Release */,
			);
			defaultConfigurationIsVisible = 0;
			defaultConfigurationName = Release;
		};
/* End XCConfigurationList section */
	};
	rootObject = 93102CC31FDB896A0073B2D1 /* Project object */;
}
